{
  "requires": true,
  "lockfileVersion": 1,
  "dependencies": {
    "record-screen": {
      "version": "3.13.0",
      "resolved": "https://registry.npmjs.org/record-screen/-/record-screen-3.13.0.tgz",
      "integrity": "sha512-LX5HWWj9THtI9JW8FldOhQjA7PllMViKNoOfB7acgN1jznOb70mpKq8xn6KsQhSqasICjMAvBqhJjPLyIsYEpQ==",
      "dev": true
    }
  }
}
